// !$*UTF8*$!
{
	archiveVersion = 1;
	classes = {
	};
	objectVersion = 50;
	objects = {

/* Begin PBXBuildFile section */
		CD0B4A6D245C3BCE00BE6A05 /* AppDelegate.swift in Sources */ = {isa = PBXBuildFile; fileRef = CD0B4A6C245C3BCE00BE6A05 /* AppDelegate.swift */; };
		CD0B4A6F245C3BCE00BE6A05 /* SceneDelegate.swift in Sources */ = {isa = PBXBuildFile; fileRef = CD0B4A6E245C3BCE00BE6A05 /* SceneDelegate.swift */; };
		CD0B4A71245C3BCE00BE6A05 /* ViewController.swift in Sources */ = {isa = PBXBuildFile; fileRef = CD0B4A70245C3BCE00BE6A05 /* ViewController.swift */; };
		CD0B4A74245C3BCE00BE6A05 /* Main.storyboard in Resources */ = {isa = PBXBuildFile; fileRef = CD0B4A72245C3BCE00BE6A05 /* Main.storyboard */; };
		CD0B4A76245C3BD000BE6A05 /* Assets.xcassets in Resources */ = {isa = PBXBuildFile; fileRef = CD0B4A75245C3BD000BE6A05 /* Assets.xcassets */; };
		CD0B4A79245C3BD000BE6A05 /* LaunchScreen.storyboard in Resources */ = {isa = PBXBuildFile; fileRef = CD0B4A77245C3BD000BE6A05 /* LaunchScreen.storyboard */; };
		CD0B4A8A245C504900BE6A05 /* hintOn.png in Resources */ = {isa = PBXBuildFile; fileRef = CD0B4A88245C504900BE6A05 /* hintOn.png */; };
		CD0B4A8B245C504900BE6A05 /* hintOff.png in Resources */ = {isa = PBXBuildFile; fileRef = CD0B4A89245C504900BE6A05 /* hintOff.png */; };
		CD0B4A91245E03CE00BE6A05 /* PickerViewController.swift in Sources */ = {isa = PBXBuildFile; fileRef = CD0B4A90245E03CE00BE6A05 /* PickerViewController.swift */; };
		CD0B4A93245E054800BE6A05 /* OrderViewController.swift in Sources */ = {isa = PBXBuildFile; fileRef = CD0B4A92245E054800BE6A05 /* OrderViewController.swift */; };
/* End PBXBuildFile section */

/* Begin PBXFileReference section */
		CD0B4A69245C3BCE00BE6A05 /* Project1.app */ = {isa = PBXFileReference; explicitFileType = wrapper.application; includeInIndex = 0; path = Project1.app; sourceTree = BUILT_PRODUCTS_DIR; };
		CD0B4A6C245C3BCE00BE6A05 /* AppDelegate.swift */ = {isa = PBXFileReference; lastKnownFileType = sourcecode.swift; path = AppDelegate.swift; sourceTree = "<group>"; };
		CD0B4A6E245C3BCE00BE6A05 /* SceneDelegate.swift */ = {isa = PBXFileReference; lastKnownFileType = sourcecode.swift; path = SceneDelegate.swift; sourceTree = "<group>"; };
		CD0B4A70245C3BCE00BE6A05 /* ViewController.swift */ = {isa = PBXFileReference; lastKnownFileType = sourcecode.swift; path = ViewController.swift; sourceTree = "<group>"; };
		CD0B4A73245C3BCE00BE6A05 /* Base */ = {isa = PBXFileReference; lastKnownFileType = file.storyboard; name = Base; path = Base.lproj/Main.storyboard; sourceTree = "<group>"; };
		CD0B4A75245C3BD000BE6A05 /* Assets.xcassets */ = {isa = PBXFileReference; lastKnownFileType = folder.assetcatalog; path = Assets.xcassets; sourceTree = "<group>"; };
		CD0B4A78245C3BD000BE6A05 /* Base */ = {isa = PBXFileReference; lastKnownFileType = file.storyboard; name = Base; path = Base.lproj/LaunchScreen.storyboard; sourceTree = "<group>"; };
		CD0B4A7A245C3BD000BE6A05 /* Info.plist */ = {isa = PBXFileReference; lastKnownFileType = text.plist.xml; path = Info.plist; sourceTree = "<group>"; };
		CD0B4A88245C504900BE6A05 /* hintOn.png */ = {isa = PBXFileReference; lastKnownFileType = image.png; path = hintOn.png; sourceTree = "<group>"; };
		CD0B4A89245C504900BE6A05 /* hintOff.png */ = {isa = PBXFileReference; lastKnownFileType = image.png; path = hintOff.png; sourceTree = "<group>"; };
		CD0B4A90245E03CE00BE6A05 /* PickerViewController.swift */ = {isa = PBXFileReference; lastKnownFileType = sourcecode.swift; path = PickerViewController.swift; sourceTree = "<group>"; };
		CD0B4A92245E054800BE6A05 /* OrderViewController.swift */ = {isa = PBXFileReference; lastKnownFileType = sourcecode.swift; path = OrderViewController.swift; sourceTree = "<group>"; };
/* End PBXFileReference section */

/* Begin PBXFrameworksBuildPhase section */
		CD0B4A66245C3BCE00BE6A05 /* Frameworks */ = {
			isa = PBXFrameworksBuildPhase;
			buildActionMask = 2147483647;
			files = (
			);
			runOnlyForDeploymentPostprocessing = 0;
		};
/* End PBXFrameworksBuildPhase section */

/* Begin PBXGroup section */
		CD0B4A60245C3BCE00BE6A05 = {
			isa = PBXGroup;
			children = (
				CD0B4A6B245C3BCE00BE6A05 /* Project1 */,
				CD0B4A6A245C3BCE00BE6A05 /* Products */,
			);
			sourceTree = "<group>";
		};
		CD0B4A6A245C3BCE00BE6A05 /* Products */ = {
			isa = PBXGroup;
			children = (
				CD0B4A69245C3BCE00BE6A05 /* Project1.app */,
			);
			name = Products;
			sourceTree = "<group>";
		};
		CD0B4A6B245C3BCE00BE6A05 /* Project1 */ = {
			isa = PBXGroup;
			children = (
				CD0B4A89245C504900BE6A05 /* hintOff.png */,
				CD0B4A88245C504900BE6A05 /* hintOn.png */,
				CD0B4A6C245C3BCE00BE6A05 /* AppDelegate.swift */,
				CD0B4A6E245C3BCE00BE6A05 /* SceneDelegate.swift */,
				CD0B4A70245C3BCE00BE6A05 /* ViewController.swift */,
				CD0B4A90245E03CE00BE6A05 /* PickerViewController.swift */,
				CD0B4A92245E054800BE6A05 /* OrderViewController.swift */,
				CD0B4A72245C3BCE00BE6A05 /* Main.storyboard */,
				CD0B4A75245C3BD000BE6A05 /* Assets.xcassets */,
				CD0B4A77245C3BD000BE6A05 /* LaunchScreen.storyboard */,
				CD0B4A7A245C3BD000BE6A05 /* Info.plist */,
			);
			path = Project1;
			sourceTree = "<group>";
		};
/* End PBXGroup section */

/* Begin PBXNativeTarget section */
		CD0B4A68245C3BCE00BE6A05 /* Project1 */ = {
			isa = PBXNativeTarget;
			buildConfigurationList = CD0B4A7D245C3BD000BE6A05 /* Build configuration list for PBXNativeTarget "Project1" */;
			buildPhases = (
				CD0B4A65245C3BCE00BE6A05 /* Sources */,
				CD0B4A66245C3BCE00BE6A05 /* Frameworks */,
				CD0B4A67245C3BCE00BE6A05 /* Resources */,
			);
			buildRules = (
			);
			dependencies = (
			);
			name = Project1;
			productName = Project1;
			productReference = CD0B4A69245C3BCE00BE6A05 /* Project1.app */;
			productType = "com.apple.product-type.application";
		};
/* End PBXNativeTarget section */

/* Begin PBXProject section */
		CD0B4A61245C3BCE00BE6A05 /* Project object */ = {
			isa = PBXProject;
			attributes = {
				LastSwiftUpdateCheck = 1130;
				LastUpgradeCheck = 1130;
				ORGANIZATIONNAME = SWUCOMPUTER;
				TargetAttributes = {
					CD0B4A68245C3BCE00BE6A05 = {
						CreatedOnToolsVersion = 11.3.1;
					};
				};
			};
			buildConfigurationList = CD0B4A64245C3BCE00BE6A05 /* Build configuration list for PBXProject "Project1" */;
			compatibilityVersion = "Xcode 9.3";
			developmentRegion = en;
			hasScannedForEncodings = 0;
			knownRegions = (
				en,
				Base,
			);
			mainGroup = CD0B4A60245C3BCE00BE6A05;
			productRefGroup = CD0B4A6A245C3BCE00BE6A05 /* Products */;
			projectDirPath = "";
			projectRoot = "";
			targets = (
				CD0B4A68245C3BCE00BE6A05 /* Project1 */,
			);
		};
/* End PBXProject section */

/* Begin PBXResourcesBuildPhase section */
		CD0B4A67245C3BCE00BE6A05 /* Resources */ = {
			isa = PBXResourcesBuildPhase;
			buildActionMask = 2147483647;
			files = (
				CD0B4A79245C3BD000BE6A05 /* LaunchScreen.storyboard in Resources */,
				CD0B4A8A245C504900BE6A05 /* hintOn.png in Resources */,
				CD0B4A76245C3BD000BE6A05 /* Assets.xcassets in Resources */,
				CD0B4A8B245C504900BE6A05 /* hintOff.png in Resources */,
				CD0B4A74245C3BCE00BE6A05 /* Main.storyboard in Resources */,
			);
			runOnlyForDeploymentPostprocessing = 0;
		};
/* End PBXResourcesBuildPhase section */

/* Begin PBXSourcesBuildPhase section */
		CD0B4A65245C3BCE00BE6A05 /* Sources */ = {
			isa = PBXSourcesBuildPhase;
			buildActionMask = 2147483647;
			files = (
				CD0B4A71245C3BCE00BE6A05 /* ViewController.swift in Sources */,
				CD0B4A93245E054800BE6A05 /* OrderViewController.swift in Sources */,
				CD0B4A6D245C3BCE00BE6A05 /* AppDelegate.swift in Sources */,
				CD0B4A91245E03CE00BE6A05 /* PickerViewController.swift in Sources */,
				CD0B4A6F245C3BCE00BE6A05 /* SceneDelegate.swift in Sources */,
			);
			runOnlyForDeploymentPostprocessing = 0;
		};
/* End PBXSourcesBuildPhase section */

/* Begin PBXVariantGroup section */
		CD0B4A72245C3BCE00BE6A05 /* Main.storyboard */ = {
			isa = PBXVariantGroup;
			children = (
				CD0B4A73245C3BCE00BE6A05 /* Base */,
			);
			name = Main.storyboard;
			sourceTree = "<group>";
		};
		CD0B4A77245C3BD000BE6A05 /* LaunchScreen.storyboard */ = {
			isa = PBXVariantGroup;
			children = (
				CD0B4A78245C3BD000BE6A05 /* Base */,
			);
			name = LaunchScreen.storyboard;
			sourceTree = "<group>";
		};
/* End PBXVariantGroup section */

/* Begin XCBuildConfiguration section */
		CD0B4A7B245C3BD000BE6A05 /* Debug */ = {
			isa = XCBuildConfiguration;
			buildSettings = {
				ALWAYS_SEARCH_USER_PATHS = NO;
				CLANG_ANALYZER_NONNULL = YES;
				CLANG_ANALYZER_NUMBER_OBJECT_CONVERSION = YES_AGGRESSIVE;
				CLANG_CXX_LANGUAGE_STANDARD = "gnu++14";
				CLANG_CXX_LIBRARY = "libc++";
				CLANG_ENABLE_MODULES = YES;
				CLANG_ENABLE_OBJC_ARC = YES;
				CLANG_ENABLE_OBJC_WEAK = YES;
				CLANG_WARN_BLOCK_CAPTURE_AUTORELEASING = YES;
				CLANG_WARN_BOOL_CONVERSION = YES;
				CLANG_WARN_COMMA = YES;
				CLANG_WARN_CONSTANT_CONVERSION = YES;
				CLANG_WARN_DEPRECATED_OBJC_IMPLEMENTATIONS = YES;
				CLANG_WARN_DIRECT_OBJC_ISA_USAGE = YES_ERROR;
				CLANG_WARN_DOCUMENTATION_COMMENTS = YES;
				CLANG_WARN_EMPTY_BODY = YES;
				CLANG_WARN_ENUM_CONVERSION = YES;
				CLANG_WARN_INFINITE_RECURSION = YES;
				CLANG_WARN_INT_CONVERSION = YES;
				CLANG_WARN_NON_LITERAL_NULL_CONVERSION = YES;
				CLANG_WARN_OBJC_IMPLICIT_RETAIN_SELF = YES;
				CLANG_WARN_OBJC_LITERAL_CONVERSION = YES;
				CLANG_WARN_OBJC_ROOT_CLASS = YES_ERROR;
				CLANG_WARN_RANGE_LOOP_ANALYSIS = YES;
				CLANG_WARN_STRICT_PROTOTYPES = YES;
				CLANG_WARN_SUSPICIOUS_MOVE = YES;
				CLANG_WARN_UNGUARDED_AVAILABILITY = YES_AGGRESSIVE;
				CLANG_WARN_UNREACHABLE_CODE = YES;
				CLANG_WARN__DUPLICATE_METHOD_MATCH = YES;
				COPY_PHASE_STRIP = NO;
				DEBUG_INFORMATION_FORMAT = dwarf;
				ENABLE_STRICT_OBJC_MSGSEND = YES;
				ENABLE_TESTABILITY = YES;
				GCC_C_LANGUAGE_STANDARD = gnu11;
				GCC_DYNAMIC_NO_PIC = NO;
				GCC_NO_COMMON_BLOCKS = YES;
				GCC_OPTIMIZATION_LEVEL = 0;
				GCC_PREPROCESSOR_DEFINITIONS = (
					"DEBUG=1",
					"$(inherited)",
				);
				GCC_WARN_64_TO_32_BIT_CONVERSION = YES;
				GCC_WARN_ABOUT_RETURN_TYPE = YES_ERROR;
				GCC_WARN_UNDECLARED_SELECTOR = YES;
				GCC_WARN_UNINITIALIZED_AUTOS = YES_AGGRESSIVE;
				GCC_WARN_UNUSED_FUNCTION = YES;
				GCC_WARN_UNUSED_VARIABLE = YES;
				IPHONEOS_DEPLOYMENT_TARGET = 13.2;
				MTL_ENABLE_DEBUG_INFO = INCLUDE_SOURCE;
				MTL_FAST_MATH = YES;
				ONLY_ACTIVE_ARCH = YES;
				SDKROOT = iphoneos;
				SWIFT_ACTIVE_COMPILATION_CONDITIONS = DEBUG;
				SWIFT_OPTIMIZATION_LEVEL = "-Onone";
			};
			name = Debug;
		};
		CD0B4A7C245C3BD000BE6A05 /* Release */ = {
			isa = XCBuildConfiguration;
			buildSettings = {
				ALWAYS_SEARCH_USER_PATHS = NO;
				CLANG_ANALYZER_NONNULL = YES;
				CLANG_ANALYZER_NUMBER_OBJECT_CONVERSION = YES_AGGRESSIVE;
				CLANG_CXX_LANGUAGE_STANDARD = "gnu++14";
				CLANG_CXX_LIBRARY = "libc++";
				CLANG_ENABLE_MODULES = YES;
				CLANG_ENABLE_OBJC_ARC = YES;
				CLANG_ENABLE_OBJC_WEAK = YES;
				CLANG_WARN_BLOCK_CAPTURE_AUTORELEASING = YES;
				CLANG_WARN_BOOL_CONVERSION = YES;
				CLANG_WARN_COMMA = YES;
				CLANG_WARN_CONSTANT_CONVERSION = YES;
				CLANG_WARN_DEPRECATED_OBJC_IMPLEMENTATIONS = YES;
				CLANG_WARN_DIRECT_OBJC_ISA_USAGE = YES_ERROR;
				CLANG_WARN_DOCUMENTATION_COMMENTS = YES;
				CLANG_WARN_EMPTY_BODY = YES;
				CLANG_WARN_ENUM_CONVERSION = YES;
				CLANG_WARN_INFINITE_RECURSION = YES;
				CLANG_WARN_INT_CONVERSION = YES;
				CLANG_WARN_NON_LITERAL_NULL_CONVERSION = YES;
				CLANG_WARN_OBJC_IMPLICIT_RETAIN_SELF = YES;
				CLANG_WARN_OBJC_LITERAL_CONVERSION = YES;
				CLANG_WARN_OBJC_ROOT_CLASS = YES_ERROR;
				CLANG_WARN_RANGE_LOOP_ANALYSIS = YES;
				CLANG_WARN_STRICT_PROTOTYPES = YES;
				CLANG_WARN_SUSPICIOUS_MOVE = YES;
				CLANG_WARN_UNGUARDED_AVAILABILITY = YES_AGGRESSIVE;
				CLANG_WARN_UNREACHABLE_CODE = YES;
				CLANG_WARN__DUPLICATE_METHOD_MATCH = YES;
				COPY_PHASE_STRIP = NO;
				DEBUG_INFORMATION_FORMAT = "dwarf-with-dsym";
				ENABLE_NS_ASSERTIONS = NO;
				ENABLE_STRICT_OBJC_MSGSEND = YES;
				GCC_C_LANGUAGE_STANDARD = gnu11;
				GCC_NO_COMMON_BLOCKS = YES;
				GCC_WARN_64_TO_32_BIT_CONVERSION = YES;
				GCC_WARN_ABOUT_RETURN_TYPE = YES_ERROR;
				GCC_WARN_UNDECLARED_SELECTOR = YES;
				GCC_WARN_UNINITIALIZED_AUTOS = YES_AGGRESSIVE;
				GCC_WARN_UNUSED_FUNCTION = YES;
				GCC_WARN_UNUSED_VARIABLE = YES;
				IPHONEOS_DEPLOYMENT_TARGET = 13.2;
				MTL_ENABLE_DEBUG_INFO = NO;
				MTL_FAST_MATH = YES;
				SDKROOT = iphoneos;
				SWIFT_COMPILATION_MODE = wholemodule;
				SWIFT_OPTIMIZATION_LEVEL = "-O";
				VALIDATE_PRODUCT = YES;
			};
			name = Release;
		};
		CD0B4A7E245C3BD000BE6A05 /* Debug */ = {
			isa = XCBuildConfiguration;
			buildSettings = {
				ASSETCATALOG_COMPILER_APPICON_NAME = AppIcon;
				CODE_SIGN_STYLE = Automatic;
				INFOPLIST_FILE = Project1/Info.plist;
				LD_RUNPATH_SEARCH_PATHS = (
					"$(inherited)",
					"@executable_path/Frameworks",
				);
				PRODUCT_BUNDLE_IDENTIFIER = kr.ac.swu.Project1;
				PRODUCT_NAME = "$(TARGET_NAME)";
				SWIFT_VERSION = 5.0;
				TARGETED_DEVICE_FAMILY = "1,2";
			};
			name = Debug;
		};
		CD0B4A7F245C3BD000BE6A05 /* Release */ = {
			isa = XCBuildConfiguration;
			buildSettings = {
				ASSETCATALOG_COMPILER_APPICON_NAME = AppIcon;
				CODE_SIGN_STYLE = Automatic;
				INFOPLIST_FILE = Project1/Info.plist;
				LD_RUNPATH_SEARCH_PATHS = (
					"$(inherited)",
					"@executable_path/Frameworks",
				);
				PRODUCT_BUNDLE_IDENTIFIER = kr.ac.swu.Project1;
				PRODUCT_NAME = "$(TARGET_NAME)";
				SWIFT_VERSION = 5.0;
				TARGETED_DEVICE_FAMILY = "1,2";
			};
			name = Release;
		};
/* End XCBuildConfiguration section */

/* Begin XCConfigurationList section */
		CD0B4A64245C3BCE00BE6A05 /* Build configuration list for PBXProject "Project1" */ = {
			isa = XCConfigurationList;
			buildConfigurations = (
				CD0B4A7B245C3BD000BE6A05 /* Debug */,
				CD0B4A7C245C3BD000BE6A05 /* Release */,
			);
			defaultConfigurationIsVisible = 0;
			defaultConfigurationName = Release;
		};
		CD0B4A7D245C3BD000BE6A05 /* Build configuration list for PBXNativeTarget "Project1" */ = {
			isa = XCConfigurationList;
			buildConfigurations = (
				CD0B4A7E245C3BD000BE6A05 /* Debug */,
				CD0B4A7F245C3BD000BE6A05 /* Release */,
			);
			defaultConfigurationIsVisible = 0;
			defaultConfigurationName = Release;
		};
/* End XCConfigurationList section */
	};
	rootObject = CD0B4A61245C3BCE00BE6A05 /* Project object */;
}
